lockfileVersion: '9.0'

settings:
  autoInstallPeers: true
  excludeLinksFromLockfile: false

importers:

  .:
    dependencies:
      libsodium-wrappers:
        specifier: '*'
        version: 0.8.4

packages:

  libsodium-wrappers@0.8.4:
    resolution: {integrity: sha512-mu8aAWucZjTB5O/BtGXtW4e1agy7uHxNYG7zPthmmD1jU43LCDmSWZLN4JhflbdPXj3yDO4lxM1O9hLDgIOXDw==}

  libsodium@0.8.4:
    resolution: {integrity: sha512-lMcYaRi0zcs7tarATsQUYC7rstliIXZuoq0c6zXSgNtSNtdvBgkSegjWhpMJAXzKX3SUSwIp7+zEsob+j3LuRw==}

snapshots:

  libsodium-wrappers@0.8.4:
    dependencies:
      libsodium: 0.8.4

  libsodium@0.8.4: {}
