lockfileVersion: '9.0'

settings:
  autoInstallPeers: true
  excludeLinksFromLockfile: false

importers:

  .:
    dependencies:
      '@upstash/redis':
        specifier: ^1.38.0
        version: 1.38.0
      libsodium-wrappers:
        specifier: '*'
        version: 0.8.4

packages:

  '@upstash/redis@1.38.0':
    resolution: {integrity: sha512-wu+dZBptlLy0+MCUEoHmzrY/TnmgDey3+c7EbIGwrLqAvkP8yi5MWZHYGIFtAygmL4Bkz2TdFu+eU0vFPncIcg==}

  libsodium-wrappers@0.8.4:
    resolution: {integrity: sha512-mu8aAWucZjTB5O/BtGXtW4e1agy7uHxNYG7zPthmmD1jU43LCDmSWZLN4JhflbdPXj3yDO4lxM1O9hLDgIOXDw==}

  libsodium@0.8.4:
    resolution: {integrity: sha512-lMcYaRi0zcs7tarATsQUYC7rstliIXZuoq0c6zXSgNtSNtdvBgkSegjWhpMJAXzKX3SUSwIp7+zEsob+j3LuRw==}

  uncrypto@0.1.3:
    resolution: {integrity: sha512-Ql87qFHB3s/De2ClA9e0gsnS6zXG27SkTiSJwjCc9MebbfapQfuPzumMIUMi38ezPZVNFcHI9sUIepeQfw8J8Q==}

snapshots:

  '@upstash/redis@1.38.0':
    dependencies:
      uncrypto: 0.1.3

  libsodium-wrappers@0.8.4:
    dependencies:
      libsodium: 0.8.4

  libsodium@0.8.4: {}

  uncrypto@0.1.3: {}
